
Microsoft Visual Studio Solution File, Format Version 12.00
# Visual Studio Version 16
VisualStudioVersion = 16.0.33214.272
MinimumVisualStudioVersion = 10.0.40219.1
Project("{FAE04EC0-301F-11D3-BF4B-00C04F79EFBC}") = "SM_One", "SM_One\SM_One.csproj", "{45299949-CD02-412F-A6A6-0219DC045EC7}"
EndProject
Global
	GlobalSection(SolutionConfigurationPlatforms) = preSolution
		Debug|Any CPU = Debug|Any CPU
		Debug|x64 = Debug|x64
		Release|Any CPU = Release|Any CPU
		Release|x64 = Release|x64
	EndGlobalSection
	GlobalSection(ProjectConfigurationPlatforms) = postSolution
		{45299949-CD02-412F-A6A6-0219DC045EC7}.Debug|Any CPU.ActiveCfg = Debug|Any CPU
		{45299949-CD02-412F-A6A6-0219DC045EC7}.Debug|Any CPU.Build.0 = Debug|Any CPU
		{45299949-CD02-412F-A6A6-0219DC045EC7}.Debug|x64.ActiveCfg = Debug|x64
		{45299949-CD02-412F-A6A6-0219DC045EC7}.Debug|x64.Build.0 = Debug|x64
		{45299949-CD02-412F-A6A6-0219DC045EC7}.Release|Any CPU.ActiveCfg = Release|Any CPU
		{45299949-CD02-412F-A6A6-0219DC045EC7}.Release|Any CPU.Build.0 = Release|Any CPU
		{45299949-CD02-412F-A6A6-0219DC045EC7}.Release|x64.ActiveCfg = Release|x64
		{45299949-CD02-412F-A6A6-0219DC045EC7}.Release|x64.Build.0 = Release|x64
	EndGlobalSection
	GlobalSection(SolutionProperties) = preSolution
		HideSolutionNode = FALSE
	EndGlobalSection
	GlobalSection(ExtensibilityGlobals) = postSolution
		SolutionGuid = {F9ECAF0B-D0C9-418C-B4DA-ACA90A972F31}
	EndGlobalSection
EndGlobal
